
Microsoft Visual Studio Solution File, Format Version 12.00
# Visual Studio Version 17
VisualStudioVersion = 17.14.36518.9 d17.14
MinimumVisualStudioVersion = 10.0.40219.1
Project("{FAE04EC0-301F-11D3-BF4B-00C04F79EFBC}") = "ProductManagement", "ProductManagement\ProductManagement.csproj", "{91E3B0BE-700A-4395-ABED-EC78ED3FF453}"
EndProject
Global
	GlobalSection(SolutionConfigurationPlatforms) = preSolution
		Debug|Any CPU = Debug|Any CPU
		Release|Any CPU = Release|Any CPU
	EndGlobalSection
	GlobalSection(ProjectConfigurationPlatforms) = postSolution
		{91E3B0BE-700A-4395-ABED-EC78ED3FF453}.Debug|Any CPU.ActiveCfg = Debug|Any CPU
		{91E3B0BE-700A-4395-ABED-EC78ED3FF453}.Debug|Any CPU.Build.0 = Debug|Any CPU
		{91E3B0BE-700A-4395-ABED-EC78ED3FF453}.Release|Any CPU.ActiveCfg = Release|Any CPU
		{91E3B0BE-700A-4395-ABED-EC78ED3FF453}.Release|Any CPU.Build.0 = Release|Any CPU
	EndGlobalSection
	GlobalSection(SolutionProperties) = preSolution
		HideSolutionNode = FALSE
	EndGlobalSection
	GlobalSection(ExtensibilityGlobals) = postSolution
		SolutionGuid = {0749908E-EBA4-43EC-86BF-BB140788B59B}
	EndGlobalSection
EndGlobal
